
Microsoft Visual Studio Solution File, Format Version 12.00
# Visual Studio Version 17
VisualStudioVersion = 17.14.36429.23 d17.14
MinimumVisualStudioVersion = 10.0.40219.1
Project("{FAE04EC0-301F-11D3-BF4B-00C04F79EFBC}") = "NotikaIdentityEmail", "NotikaIdentityEmail\NotikaIdentityEmail.csproj", "{CEC65E4A-78F8-4461-B99E-2CB14596F99E}"
EndProject
Global
	GlobalSection(SolutionConfigurationPlatforms) = preSolution
		Debug|Any CPU = Debug|Any CPU
		Release|Any CPU = Release|Any CPU
	EndGlobalSection
	GlobalSection(ProjectConfigurationPlatforms) = postSolution
		{CEC65E4A-78F8-4461-B99E-2CB14596F99E}.Debug|Any CPU.ActiveCfg = Debug|Any CPU
		{CEC65E4A-78F8-4461-B99E-2CB14596F99E}.Debug|Any CPU.Build.0 = Debug|Any CPU
		{CEC65E4A-78F8-4461-B99E-2CB14596F99E}.Release|Any CPU.ActiveCfg = Release|Any CPU
		{CEC65E4A-78F8-4461-B99E-2CB14596F99E}.Release|Any CPU.Build.0 = Release|Any CPU
	EndGlobalSection
	GlobalSection(SolutionProperties) = preSolution
		HideSolutionNode = FALSE
	EndGlobalSection
	GlobalSection(ExtensibilityGlobals) = postSolution
		SolutionGuid = {FAEAF421-3343-4DBB-9C51-674DF11A2C45}
	EndGlobalSection
EndGlobal
